
Microsoft Visual Studio Solution File, Format Version 12.00
# Visual Studio Version 17
VisualStudioVersion = 17.5.002.0
MinimumVisualStudioVersion = 10.0.40219.1
Project("{9A19103F-16F7-4668-BE54-9A1E7A4F7556}") = "Projeto Web-LH Pets versao 1", "Projeto Web-LH Pets versao 1.csproj", "{9BBDA511-006E-40B3-902F-D33BD2E52FC2}"
EndProject
Global
	GlobalSection(SolutionConfigurationPlatforms) = preSolution
		Debug|Any CPU = Debug|Any CPU
		Release|Any CPU = Release|Any CPU
	EndGlobalSection
	GlobalSection(ProjectConfigurationPlatforms) = postSolution
		{9BBDA511-006E-40B3-902F-D33BD2E52FC2}.Debug|Any CPU.ActiveCfg = Debug|Any CPU
		{9BBDA511-006E-40B3-902F-D33BD2E52FC2}.Debug|Any CPU.Build.0 = Debug|Any CPU
		{9BBDA511-006E-40B3-902F-D33BD2E52FC2}.Release|Any CPU.ActiveCfg = Release|Any CPU
		{9BBDA511-006E-40B3-902F-D33BD2E52FC2}.Release|Any CPU.Build.0 = Release|Any CPU
	EndGlobalSection
	GlobalSection(SolutionProperties) = preSolution
		HideSolutionNode = FALSE
	EndGlobalSection
	GlobalSection(ExtensibilityGlobals) = postSolution
		SolutionGuid = {4E300945-000C-4AB2-B536-FC1D1566BA88}
	EndGlobalSection
EndGlobal
